// !$*UTF8*$!
{
	archiveVersion = 1;
	classes = {
	};
	objectVersion = 51;
	objects = {

/* Begin PBXBuildFile section */
		8498467A317C6F260C4657C4 /* Pods_PGFramework.framework in Frameworks */ = {isa = PBXBuildFile; fileRef = F81339C92B4B3B6B84462A1A /* Pods_PGFramework.framework */; };
		D551A783B0CF73955DDE71A9 /* Pods_Demo.framework in Frameworks */ = {isa = PBXBuildFile; fileRef = 62567FB7CD9144A09AF0DB98 /* Pods_Demo.framework */; };
		F42E9CD123E0078000496DE9 /* PGFramework.framework in Frameworks */ = {isa = PBXBuildFile; fileRef = F45DA0CB22366F8300288C68 /* PGFramework.framework */; };
		F42E9CD223E0078000496DE9 /* PGFramework.framework in Embed Frameworks */ = {isa = PBXBuildFile; fileRef = F45DA0CB22366F8300288C68 /* PGFramework.framework */; settings = {ATTRIBUTES = (CodeSignOnCopy, RemoveHeadersOnCopy, ); }; };
		F42E9CDF23E036C700496DE9 /* MenuView.swift in Sources */ = {isa = PBXBuildFile; fileRef = F42E9CDE23E036C700496DE9 /* MenuView.swift */; };
		F42E9CE123E036CE00496DE9 /* MenuView.xib in Resources */ = {isa = PBXBuildFile; fileRef = F42E9CE023E036CE00496DE9 /* MenuView.xib */; };
		F42E9CE423E0451F00496DE9 /* MenuTableViewCell.swift in Sources */ = {isa = PBXBuildFile; fileRef = F42E9CE223E0451F00496DE9 /* MenuTableViewCell.swift */; };
		F42E9CE523E0451F00496DE9 /* MenuTableViewCell.xib in Resources */ = {isa = PBXBuildFile; fileRef = F42E9CE323E0451F00496DE9 /* MenuTableViewCell.xib */; };
		F451923222368D1A00EAB3B7 /* BaseTabBarController.swift in Sources */ = {isa = PBXBuildFile; fileRef = F451921B22368D1A00EAB3B7 /* BaseTabBarController.swift */; };
		F451923322368D1A00EAB3B7 /* BaseViewController.swift in Sources */ = {isa = PBXBuildFile; fileRef = F451921C22368D1A00EAB3B7 /* BaseViewController.swift */; };
		F451923422368D1A00EAB3B7 /* BaseTableViewCell.swift in Sources */ = {isa = PBXBuildFile; fileRef = F451921D22368D1A00EAB3B7 /* BaseTableViewCell.swift */; };
		F451923522368D1A00EAB3B7 /* BaseCollectionViewCell.swift in Sources */ = {isa = PBXBuildFile; fileRef = F451921E22368D1A00EAB3B7 /* BaseCollectionViewCell.swift */; };
		F451923722368D1A00EAB3B7 /* BaseTableView.swift in Sources */ = {isa = PBXBuildFile; fileRef = F451922022368D1A00EAB3B7 /* BaseTableView.swift */; };
		F451923822368D1A00EAB3B7 /* BaseView.swift in Sources */ = {isa = PBXBuildFile; fileRef = F451922122368D1A00EAB3B7 /* BaseView.swift */; };
		F451923922368D1A00EAB3B7 /* Global.swift in Sources */ = {isa = PBXBuildFile; fileRef = F451922322368D1A00EAB3B7 /* Global.swift */; };
		F451923A22368D1A00EAB3B7 /* AnimatorManager.swift in Sources */ = {isa = PBXBuildFile; fileRef = F451922422368D1A00EAB3B7 /* AnimatorManager.swift */; };
		F451923B22368D1A00EAB3B7 /* UserDataManager.swift in Sources */ = {isa = PBXBuildFile; fileRef = F451922522368D1A00EAB3B7 /* UserDataManager.swift */; };
		F451923C22368D1A00EAB3B7 /* Extensions.swift in Sources */ = {isa = PBXBuildFile; fileRef = F451922622368D1A00EAB3B7 /* Extensions.swift */; };
		F45DA0D022366F8300288C68 /* PGFramework.h in Headers */ = {isa = PBXBuildFile; fileRef = F45DA0CE22366F8300288C68 /* PGFramework.h */; settings = {ATTRIBUTES = (Public, ); }; };
		F4B7D62B23DABB75007456D3 /* Fetcher.swift in Sources */ = {isa = PBXBuildFile; fileRef = F4B7D62A23DABB75007456D3 /* Fetcher.swift */; };
		F4B7D62D23DABB87007456D3 /* ListModel.swift in Sources */ = {isa = PBXBuildFile; fileRef = F4B7D62C23DABB87007456D3 /* ListModel.swift */; };
		F4B7D65423DACB32007456D3 /* HeaderView.swift in Sources */ = {isa = PBXBuildFile; fileRef = F4B7D65223DACB32007456D3 /* HeaderView.swift */; };
		F4B7D65523DACB32007456D3 /* HeaderView.xib in Resources */ = {isa = PBXBuildFile; fileRef = F4B7D65323DACB32007456D3 /* HeaderView.xib */; };
		F4C1EEA123D1960F00B3178A /* FirstViewController.swift in Sources */ = {isa = PBXBuildFile; fileRef = F4C1EEA023D1960F00B3178A /* FirstViewController.swift */; };
		F4C1EEA323D1964C00B3178A /* FirstViewController.xib in Resources */ = {isa = PBXBuildFile; fileRef = F4C1EEA223D1964C00B3178A /* FirstViewController.xib */; };
		F4C1EEA523D196F500B3178A /* BaseNavigationController.swift in Sources */ = {isa = PBXBuildFile; fileRef = F4C1EEA423D196F500B3178A /* BaseNavigationController.swift */; };
		F4F487F522376F90007242F2 /* AppDelegate.swift in Sources */ = {isa = PBXBuildFile; fileRef = F4F487F422376F90007242F2 /* AppDelegate.swift */; };
		F4F487FA22376F90007242F2 /* Main.storyboard in Resources */ = {isa = PBXBuildFile; fileRef = F4F487F822376F90007242F2 /* Main.storyboard */; };
		F4F487FC22376F92007242F2 /* Assets.xcassets in Resources */ = {isa = PBXBuildFile; fileRef = F4F487FB22376F92007242F2 /* Assets.xcassets */; };
		F4F487FF22376F92007242F2 /* LaunchScreen.storyboard in Resources */ = {isa = PBXBuildFile; fileRef = F4F487FD22376F92007242F2 /* LaunchScreen.storyboard */; };
/* End PBXBuildFile section */

/* Begin PBXContainerItemProxy section */
		F42E9CD323E0078000496DE9 /* PBXContainerItemProxy */ = {
			isa = PBXContainerItemProxy;
			containerPortal = F45DA0C222366F8300288C68 /* Project object */;
			proxyType = 1;
			remoteGlobalIDString = F45DA0CA22366F8300288C68;
			remoteInfo = PGFramework;
		};
/* End PBXContainerItemProxy section */

/* Begin PBXCopyFilesBuildPhase section */
		F42E9CD523E0078000496DE9 /* Embed Frameworks */ = {
			isa = PBXCopyFilesBuildPhase;
			buildActionMask = 2147483647;
			dstPath = "";
			dstSubfolderSpec = 10;
			files = (
				F42E9CD223E0078000496DE9 /* PGFramework.framework in Embed Frameworks */,
			);
			name = "Embed Frameworks";
			runOnlyForDeploymentPostprocessing = 0;
		};
/* End PBXCopyFilesBuildPhase section */

/* Begin PBXFileReference section */
		1D45210E37654089CC4A8DE4 /* Pods-Demo.release.xcconfig */ = {isa = PBXFileReference; includeInIndex = 1; lastKnownFileType = text.xcconfig; name = "Pods-Demo.release.xcconfig"; path = "Target Support Files/Pods-Demo/Pods-Demo.release.xcconfig"; sourceTree = "<group>"; };
		62567FB7CD9144A09AF0DB98 /* Pods_Demo.framework */ = {isa = PBXFileReference; explicitFileType = wrapper.framework; includeInIndex = 0; path = Pods_Demo.framework; sourceTree = BUILT_PRODUCTS_DIR; };
		6B24C6F08AE3FB0EE4B0481F /* Pods-PGFramework.release.xcconfig */ = {isa = PBXFileReference; includeInIndex = 1; lastKnownFileType = text.xcconfig; name = "Pods-PGFramework.release.xcconfig"; path = "Target Support Files/Pods-PGFramework/Pods-PGFramework.release.xcconfig"; sourceTree = "<group>"; };
		7216212DDD8D6865F71B3F61 /* Pods-Demo.debug.xcconfig */ = {isa = PBXFileReference; includeInIndex = 1; lastKnownFileType = text.xcconfig; name = "Pods-Demo.debug.xcconfig"; path = "Target Support Files/Pods-Demo/Pods-Demo.debug.xcconfig"; sourceTree = "<group>"; };
		B9FCE952F50B11B3B4BDA8E7 /* Pods-PGFramework.debug.xcconfig */ = {isa = PBXFileReference; includeInIndex = 1; lastKnownFileType = text.xcconfig; name = "Pods-PGFramework.debug.xcconfig"; path = "Target Support Files/Pods-PGFramework/Pods-PGFramework.debug.xcconfig"; sourceTree = "<group>"; };
		F42E9CDE23E036C700496DE9 /* MenuView.swift */ = {isa = PBXFileReference; lastKnownFileType = sourcecode.swift; path = MenuView.swift; sourceTree = "<group>"; };
		F42E9CE023E036CE00496DE9 /* MenuView.xib */ = {isa = PBXFileReference; lastKnownFileType = file.xib; path = MenuView.xib; sourceTree = "<group>"; };
		F42E9CE223E0451F00496DE9 /* MenuTableViewCell.swift */ = {isa = PBXFileReference; lastKnownFileType = sourcecode.swift; path = MenuTableViewCell.swift; sourceTree = "<group>"; };
		F42E9CE323E0451F00496DE9 /* MenuTableViewCell.xib */ = {isa = PBXFileReference; lastKnownFileType = file.xib; path = MenuTableViewCell.xib; sourceTree = "<group>"; };
		F451921B22368D1A00EAB3B7 /* BaseTabBarController.swift */ = {isa = PBXFileReference; fileEncoding = 4; lastKnownFileType = sourcecode.swift; path = BaseTabBarController.swift; sourceTree = "<group>"; };
		F451921C22368D1A00EAB3B7 /* BaseViewController.swift */ = {isa = PBXFileReference; fileEncoding = 4; lastKnownFileType = sourcecode.swift; path = BaseViewController.swift; sourceTree = "<group>"; };
		F451921D22368D1A00EAB3B7 /* BaseTableViewCell.swift */ = {isa = PBXFileReference; fileEncoding = 4; lastKnownFileType = sourcecode.swift; path = BaseTableViewCell.swift; sourceTree = "<group>"; };
		F451921E22368D1A00EAB3B7 /* BaseCollectionViewCell.swift */ = {isa = PBXFileReference; fileEncoding = 4; lastKnownFileType = sourcecode.swift; path = BaseCollectionViewCell.swift; sourceTree = "<group>"; };
		F451922022368D1A00EAB3B7 /* BaseTableView.swift */ = {isa = PBXFileReference; fileEncoding = 4; lastKnownFileType = sourcecode.swift; path = BaseTableView.swift; sourceTree = "<group>"; };
		F451922122368D1A00EAB3B7 /* BaseView.swift */ = {isa = PBXFileReference; fileEncoding = 4; lastKnownFileType = sourcecode.swift; path = BaseView.swift; sourceTree = "<group>"; };
		F451922322368D1A00EAB3B7 /* Global.swift */ = {isa = PBXFileReference; fileEncoding = 4; lastKnownFileType = sourcecode.swift; path = Global.swift; sourceTree = "<group>"; };
		F451922422368D1A00EAB3B7 /* AnimatorManager.swift */ = {isa = PBXFileReference; fileEncoding = 4; lastKnownFileType = sourcecode.swift; path = AnimatorManager.swift; sourceTree = "<group>"; };
		F451922522368D1A00EAB3B7 /* UserDataManager.swift */ = {isa = PBXFileReference; fileEncoding = 4; lastKnownFileType = sourcecode.swift; path = UserDataManager.swift; sourceTree = "<group>"; };
		F451922622368D1A00EAB3B7 /* Extensions.swift */ = {isa = PBXFileReference; fileEncoding = 4; lastKnownFileType = sourcecode.swift; path = Extensions.swift; sourceTree = "<group>"; };
		F45DA0CB22366F8300288C68 /* PGFramework.framework */ = {isa = PBXFileReference; explicitFileType = wrapper.framework; includeInIndex = 0; path = PGFramework.framework; sourceTree = BUILT_PRODUCTS_DIR; };
		F45DA0CE22366F8300288C68 /* PGFramework.h */ = {isa = PBXFileReference; lastKnownFileType = sourcecode.c.h; path = PGFramework.h; sourceTree = "<group>"; };
		F45DA0CF22366F8300288C68 /* Info.plist */ = {isa = PBXFileReference; lastKnownFileType = text.plist.xml; path = Info.plist; sourceTree = "<group>"; };
		F4B7D62A23DABB75007456D3 /* Fetcher.swift */ = {isa = PBXFileReference; fileEncoding = 4; lastKnownFileType = sourcecode.swift; path = Fetcher.swift; sourceTree = "<group>"; };
		F4B7D62C23DABB87007456D3 /* ListModel.swift */ = {isa = PBXFileReference; fileEncoding = 4; lastKnownFileType = sourcecode.swift; path = ListModel.swift; sourceTree = "<group>"; };
		F4B7D65223DACB32007456D3 /* HeaderView.swift */ = {isa = PBXFileReference; fileEncoding = 4; lastKnownFileType = sourcecode.swift; path = HeaderView.swift; sourceTree = "<group>"; };
		F4B7D65323DACB32007456D3 /* HeaderView.xib */ = {isa = PBXFileReference; fileEncoding = 4; lastKnownFileType = file.xib; path = HeaderView.xib; sourceTree = "<group>"; };
		F4C1EEA023D1960F00B3178A /* FirstViewController.swift */ = {isa = PBXFileReference; lastKnownFileType = sourcecode.swift; path = FirstViewController.swift; sourceTree = "<group>"; };
		F4C1EEA223D1964C00B3178A /* FirstViewController.xib */ = {isa = PBXFileReference; lastKnownFileType = file.xib; path = FirstViewController.xib; sourceTree = "<group>"; };
		F4C1EEA423D196F500B3178A /* BaseNavigationController.swift */ = {isa = PBXFileReference; lastKnownFileType = sourcecode.swift; path = BaseNavigationController.swift; sourceTree = "<group>"; };
		F4F487F222376F90007242F2 /* Demo.app */ = {isa = PBXFileReference; explicitFileType = wrapper.application; includeInIndex = 0; path = Demo.app; sourceTree = BUILT_PRODUCTS_DIR; };
		F4F487F422376F90007242F2 /* AppDelegate.swift */ = {isa = PBXFileReference; lastKnownFileType = sourcecode.swift; path = AppDelegate.swift; sourceTree = "<group>"; };
		F4F487F922376F90007242F2 /* Base */ = {isa = PBXFileReference; lastKnownFileType = file.storyboard; name = Base; path = Base.lproj/Main.storyboard; sourceTree = "<group>"; };
		F4F487FB22376F92007242F2 /* Assets.xcassets */ = {isa = PBXFileReference; lastKnownFileType = folder.assetcatalog; path = Assets.xcassets; sourceTree = "<group>"; };
		F4F487FE22376F92007242F2 /* Base */ = {isa = PBXFileReference; lastKnownFileType = file.storyboard; name = Base; path = Base.lproj/LaunchScreen.storyboard; sourceTree = "<group>"; };
		F4F4880022376F92007242F2 /* Info.plist */ = {isa = PBXFileReference; lastKnownFileType = text.plist.xml; path = Info.plist; sourceTree = "<group>"; };
		F81339C92B4B3B6B84462A1A /* Pods_PGFramework.framework */ = {isa = PBXFileReference; explicitFileType = wrapper.framework; includeInIndex = 0; path = Pods_PGFramework.framework; sourceTree = BUILT_PRODUCTS_DIR; };
/* End PBXFileReference section */

/* Begin PBXFrameworksBuildPhase section */
		F45DA0C822366F8300288C68 /* Frameworks */ = {
			isa = PBXFrameworksBuildPhase;
			buildActionMask = 2147483647;
			files = (
				8498467A317C6F260C4657C4 /* Pods_PGFramework.framework in Frameworks */,
			);
			runOnlyForDeploymentPostprocessing = 0;
		};
		F4F487EF22376F90007242F2 /* Frameworks */ = {
			isa = PBXFrameworksBuildPhase;
			buildActionMask = 2147483647;
			files = (
				F42E9CD123E0078000496DE9 /* PGFramework.framework in Frameworks */,
				D551A783B0CF73955DDE71A9 /* Pods_Demo.framework in Frameworks */,
			);
			runOnlyForDeploymentPostprocessing = 0;
		};
/* End PBXFrameworksBuildPhase section */

/* Begin PBXGroup section */
		304740949BD3AB8262EB23A6 /* Frameworks */ = {
			isa = PBXGroup;
			children = (
				62567FB7CD9144A09AF0DB98 /* Pods_Demo.framework */,
				F81339C92B4B3B6B84462A1A /* Pods_PGFramework.framework */,
			);
			name = Frameworks;
			sourceTree = "<group>";
		};
		448E3BA2D658C033E3B9F3A1 /* Pods */ = {
			isa = PBXGroup;
			children = (
				7216212DDD8D6865F71B3F61 /* Pods-Demo.debug.xcconfig */,
				1D45210E37654089CC4A8DE4 /* Pods-Demo.release.xcconfig */,
				B9FCE952F50B11B3B4BDA8E7 /* Pods-PGFramework.debug.xcconfig */,
				6B24C6F08AE3FB0EE4B0481F /* Pods-PGFramework.release.xcconfig */,
			);
			path = Pods;
			sourceTree = "<group>";
		};
		F451921422368D1A00EAB3B7 /* classes */ = {
			isa = PBXGroup;
			children = (
				F451921522368D1A00EAB3B7 /* Base */,
				F451922222368D1A00EAB3B7 /* Common */,
			);
			path = classes;
			sourceTree = "<group>";
		};
		F451921522368D1A00EAB3B7 /* Base */ = {
			isa = PBXGroup;
			children = (
				F451921B22368D1A00EAB3B7 /* BaseTabBarController.swift */,
				F451921C22368D1A00EAB3B7 /* BaseViewController.swift */,
				F451921D22368D1A00EAB3B7 /* BaseTableViewCell.swift */,
				F451921E22368D1A00EAB3B7 /* BaseCollectionViewCell.swift */,
				F451922022368D1A00EAB3B7 /* BaseTableView.swift */,
				F451922122368D1A00EAB3B7 /* BaseView.swift */,
				F4C1EEA423D196F500B3178A /* BaseNavigationController.swift */,
			);
			path = Base;
			sourceTree = "<group>";
		};
		F451922222368D1A00EAB3B7 /* Common */ = {
			isa = PBXGroup;
			children = (
				F4B7D62C23DABB87007456D3 /* ListModel.swift */,
				F4B7D62A23DABB75007456D3 /* Fetcher.swift */,
				F451922322368D1A00EAB3B7 /* Global.swift */,
				F451922422368D1A00EAB3B7 /* AnimatorManager.swift */,
				F451922522368D1A00EAB3B7 /* UserDataManager.swift */,
				F451922622368D1A00EAB3B7 /* Extensions.swift */,
				F4B7D65223DACB32007456D3 /* HeaderView.swift */,
				F4B7D65323DACB32007456D3 /* HeaderView.xib */,
				F42E9CDE23E036C700496DE9 /* MenuView.swift */,
				F42E9CE023E036CE00496DE9 /* MenuView.xib */,
				F42E9CE223E0451F00496DE9 /* MenuTableViewCell.swift */,
				F42E9CE323E0451F00496DE9 /* MenuTableViewCell.xib */,
			);
			path = Common;
			sourceTree = "<group>";
		};
		F45DA0C122366F8300288C68 = {
			isa = PBXGroup;
			children = (
				F45DA0CD22366F8300288C68 /* PGFramework */,
				F4F487F322376F90007242F2 /* Demo */,
				F45DA0CC22366F8300288C68 /* Products */,
				448E3BA2D658C033E3B9F3A1 /* Pods */,
				304740949BD3AB8262EB23A6 /* Frameworks */,
			);
			sourceTree = "<group>";
		};
		F45DA0CC22366F8300288C68 /* Products */ = {
			isa = PBXGroup;
			children = (
				F45DA0CB22366F8300288C68 /* PGFramework.framework */,
				F4F487F222376F90007242F2 /* Demo.app */,
			);
			name = Products;
			sourceTree = "<group>";
		};
		F45DA0CD22366F8300288C68 /* PGFramework */ = {
			isa = PBXGroup;
			children = (
				F451921422368D1A00EAB3B7 /* classes */,
				F45DA0CE22366F8300288C68 /* PGFramework.h */,
				F45DA0CF22366F8300288C68 /* Info.plist */,
			);
			path = PGFramework;
			sourceTree = "<group>";
		};
		F4F487F322376F90007242F2 /* Demo */ = {
			isa = PBXGroup;
			children = (
				F4F487F422376F90007242F2 /* AppDelegate.swift */,
				F4F487F822376F90007242F2 /* Main.storyboard */,
				F4F487FD22376F92007242F2 /* LaunchScreen.storyboard */,
				F4F487FB22376F92007242F2 /* Assets.xcassets */,
				F4F4880022376F92007242F2 /* Info.plist */,
				F4C1EEA023D1960F00B3178A /* FirstViewController.swift */,
				F4C1EEA223D1964C00B3178A /* FirstViewController.xib */,
			);
			path = Demo;
			sourceTree = "<group>";
		};
/* End PBXGroup section */

/* Begin PBXHeadersBuildPhase section */
		F45DA0C622366F8300288C68 /* Headers */ = {
			isa = PBXHeadersBuildPhase;
			buildActionMask = 2147483647;
			files = (
				F45DA0D022366F8300288C68 /* PGFramework.h in Headers */,
			);
			runOnlyForDeploymentPostprocessing = 0;
		};
/* End PBXHeadersBuildPhase section */

/* Begin PBXNativeTarget section */
		F45DA0CA22366F8300288C68 /* PGFramework */ = {
			isa = PBXNativeTarget;
			buildConfigurationList = F45DA0D322366F8300288C68 /* Build configuration list for PBXNativeTarget "PGFramework" */;
			buildPhases = (
				A8627F95B867F46E2C2FFFDB /* [CP] Check Pods Manifest.lock */,
				F45DA0C622366F8300288C68 /* Headers */,
				F45DA0C722366F8300288C68 /* Sources */,
				F45DA0C822366F8300288C68 /* Frameworks */,
				F45DA0C922366F8300288C68 /* Resources */,
				F441E9AC22378C8D00B178AE /* ShellScript */,
			);
			buildRules = (
			);
			dependencies = (
			);
			name = PGFramework;
			productName = PGFramework;
			productReference = F45DA0CB22366F8300288C68 /* PGFramework.framework */;
			productType = "com.apple.product-type.framework";
		};
		F4F487F122376F90007242F2 /* Demo */ = {
			isa = PBXNativeTarget;
			buildConfigurationList = F4F4880322376F92007242F2 /* Build configuration list for PBXNativeTarget "Demo" */;
			buildPhases = (
				D15A6C294CF548D62E08A932 /* [CP] Check Pods Manifest.lock */,
				F4F487EE22376F90007242F2 /* Sources */,
				F4F487EF22376F90007242F2 /* Frameworks */,
				F4F487F022376F90007242F2 /* Resources */,
				4A5C66D704BEEF3D598E0688 /* [CP] Embed Pods Frameworks */,
				F42E9CD523E0078000496DE9 /* Embed Frameworks */,
			);
			buildRules = (
			);
			dependencies = (
				F42E9CD423E0078000496DE9 /* PBXTargetDependency */,
			);
			name = Demo;
			productName = Demo;
			productReference = F4F487F222376F90007242F2 /* Demo.app */;
			productType = "com.apple.product-type.application";
		};
/* End PBXNativeTarget section */

/* Begin PBXProject section */
		F45DA0C222366F8300288C68 /* Project object */ = {
			isa = PBXProject;
			attributes = {
				LastSwiftUpdateCheck = 1010;
				LastUpgradeCheck = 1010;
				ORGANIZATIONNAME = Playground;
				TargetAttributes = {
					F45DA0CA22366F8300288C68 = {
						CreatedOnToolsVersion = 10.1;
						LastSwiftMigration = 1010;
					};
					F4F487F122376F90007242F2 = {
						CreatedOnToolsVersion = 10.1;
					};
				};
			};
			buildConfigurationList = F45DA0C522366F8300288C68 /* Build configuration list for PBXProject "PGFramework" */;
			compatibilityVersion = "Xcode 9.3";
			developmentRegion = en;
			hasScannedForEncodings = 0;
			knownRegions = (
				en,
				Base,
			);
			mainGroup = F45DA0C122366F8300288C68;
			productRefGroup = F45DA0CC22366F8300288C68 /* Products */;
			projectDirPath = "";
			projectRoot = "";
			targets = (
				F45DA0CA22366F8300288C68 /* PGFramework */,
				F4F487F122376F90007242F2 /* Demo */,
			);
		};
/* End PBXProject section */

/* Begin PBXResourcesBuildPhase section */
		F45DA0C922366F8300288C68 /* Resources */ = {
			isa = PBXResourcesBuildPhase;
			buildActionMask = 2147483647;
			files = (
				F42E9CE523E0451F00496DE9 /* MenuTableViewCell.xib in Resources */,
				F4B7D65523DACB32007456D3 /* HeaderView.xib in Resources */,
				F42E9CE123E036CE00496DE9 /* MenuView.xib in Resources */,
			);
			runOnlyForDeploymentPostprocessing = 0;
		};
		F4F487F022376F90007242F2 /* Resources */ = {
			isa = PBXResourcesBuildPhase;
			buildActionMask = 2147483647;
			files = (
				F4F487FF22376F92007242F2 /* LaunchScreen.storyboard in Resources */,
				F4F487FC22376F92007242F2 /* Assets.xcassets in Resources */,
				F4F487FA22376F90007242F2 /* Main.storyboard in Resources */,
				F4C1EEA323D1964C00B3178A /* FirstViewController.xib in Resources */,
			);
			runOnlyForDeploymentPostprocessing = 0;
		};
/* End PBXResourcesBuildPhase section */

/* Begin PBXShellScriptBuildPhase section */
		4A5C66D704BEEF3D598E0688 /* [CP] Embed Pods Frameworks */ = {
			isa = PBXShellScriptBuildPhase;
			buildActionMask = 2147483647;
			files = (
			);
			inputFileListPaths = (
				"${PODS_ROOT}/Target Support Files/Pods-Demo/Pods-Demo-frameworks-${CONFIGURATION}-input-files.xcfilelist",
			);
			name = "[CP] Embed Pods Frameworks";
			outputFileListPaths = (
				"${PODS_ROOT}/Target Support Files/Pods-Demo/Pods-Demo-frameworks-${CONFIGURATION}-output-files.xcfilelist",
			);
			runOnlyForDeploymentPostprocessing = 0;
			shellPath = /bin/sh;
			shellScript = "\"${PODS_ROOT}/Target Support Files/Pods-Demo/Pods-Demo-frameworks.sh\"\n";
			showEnvVarsInLog = 0;
		};
		A8627F95B867F46E2C2FFFDB /* [CP] Check Pods Manifest.lock */ = {
			isa = PBXShellScriptBuildPhase;
			buildActionMask = 2147483647;
			files = (
			);
			inputFileListPaths = (
			);
			inputPaths = (
				"${PODS_PODFILE_DIR_PATH}/Podfile.lock",
				"${PODS_ROOT}/Manifest.lock",
			);
			name = "[CP] Check Pods Manifest.lock";
			outputFileListPaths = (
			);
			outputPaths = (
				"$(DERIVED_FILE_DIR)/Pods-PGFramework-checkManifestLockResult.txt",
			);
			runOnlyForDeploymentPostprocessing = 0;
			shellPath = /bin/sh;
			shellScript = "diff \"${PODS_PODFILE_DIR_PATH}/Podfile.lock\" \"${PODS_ROOT}/Manifest.lock\" > /dev/null\nif [ $? != 0 ] ; then\n    # print error to STDERR\n    echo \"error: The sandbox is not in sync with the Podfile.lock. Run 'pod install' or update your CocoaPods installation.\" >&2\n    exit 1\nfi\n# This output is used by Xcode 'outputs' to avoid re-running this script phase.\necho \"SUCCESS\" > \"${SCRIPT_OUTPUT_FILE_0}\"\n";
			showEnvVarsInLog = 0;
		};
		D15A6C294CF548D62E08A932 /* [CP] Check Pods Manifest.lock */ = {
			isa = PBXShellScriptBuildPhase;
			buildActionMask = 2147483647;
			files = (
			);
			inputFileListPaths = (
			);
			inputPaths = (
				"${PODS_PODFILE_DIR_PATH}/Podfile.lock",
				"${PODS_ROOT}/Manifest.lock",
			);
			name = "[CP] Check Pods Manifest.lock";
			outputFileListPaths = (
			);
			outputPaths = (
				"$(DERIVED_FILE_DIR)/Pods-Demo-checkManifestLockResult.txt",
			);
			runOnlyForDeploymentPostprocessing = 0;
			shellPath = /bin/sh;
			shellScript = "diff \"${PODS_PODFILE_DIR_PATH}/Podfile.lock\" \"${PODS_ROOT}/Manifest.lock\" > /dev/null\nif [ $? != 0 ] ; then\n    # print error to STDERR\n    echo \"error: The sandbox is not in sync with the Podfile.lock. Run 'pod install' or update your CocoaPods installation.\" >&2\n    exit 1\nfi\n# This output is used by Xcode 'outputs' to avoid re-running this script phase.\necho \"SUCCESS\" > \"${SCRIPT_OUTPUT_FILE_0}\"\n";
			showEnvVarsInLog = 0;
		};
		F441E9AC22378C8D00B178AE /* ShellScript */ = {
			isa = PBXShellScriptBuildPhase;
			buildActionMask = 2147483647;
			files = (
			);
			inputFileListPaths = (
			);
			inputPaths = (
				"",
			);
			outputFileListPaths = (
			);
			outputPaths = (
			);
			runOnlyForDeploymentPostprocessing = 0;
			shellPath = /bin/sh;
			shellScript = "mkdir ${SRCROOT}/.snippets\ncp -r ${SRCROOT}/.snippets/ ~/Library/Developer/Xcode/UserData/CodeSnippets/\n";
		};
/* End PBXShellScriptBuildPhase section */

/* Begin PBXSourcesBuildPhase section */
		F45DA0C722366F8300288C68 /* Sources */ = {
			isa = PBXSourcesBuildPhase;
			buildActionMask = 2147483647;
			files = (
				F451923522368D1A00EAB3B7 /* BaseCollectionViewCell.swift in Sources */,
				F451923722368D1A00EAB3B7 /* BaseTableView.swift in Sources */,
				F451923422368D1A00EAB3B7 /* BaseTableViewCell.swift in Sources */,
				F451923222368D1A00EAB3B7 /* BaseTabBarController.swift in Sources */,
				F451923B22368D1A00EAB3B7 /* UserDataManager.swift in Sources */,
				F4B7D62B23DABB75007456D3 /* Fetcher.swift in Sources */,
				F451923C22368D1A00EAB3B7 /* Extensions.swift in Sources */,
				F451923A22368D1A00EAB3B7 /* AnimatorManager.swift in Sources */,
				F4C1EEA523D196F500B3178A /* BaseNavigationController.swift in Sources */,
				F451923322368D1A00EAB3B7 /* BaseViewController.swift in Sources */,
				F42E9CE423E0451F00496DE9 /* MenuTableViewCell.swift in Sources */,
				F42E9CDF23E036C700496DE9 /* MenuView.swift in Sources */,
				F4B7D62D23DABB87007456D3 /* ListModel.swift in Sources */,
				F451923822368D1A00EAB3B7 /* BaseView.swift in Sources */,
				F451923922368D1A00EAB3B7 /* Global.swift in Sources */,
				F4B7D65423DACB32007456D3 /* HeaderView.swift in Sources */,
			);
			runOnlyForDeploymentPostprocessing = 0;
		};
		F4F487EE22376F90007242F2 /* Sources */ = {
			isa = PBXSourcesBuildPhase;
			buildActionMask = 2147483647;
			files = (
				F4F487F522376F90007242F2 /* AppDelegate.swift in Sources */,
				F4C1EEA123D1960F00B3178A /* FirstViewController.swift in Sources */,
			);
			runOnlyForDeploymentPostprocessing = 0;
		};
/* End PBXSourcesBuildPhase section */

/* Begin PBXTargetDependency section */
		F42E9CD423E0078000496DE9 /* PBXTargetDependency */ = {
			isa = PBXTargetDependency;
			target = F45DA0CA22366F8300288C68 /* PGFramework */;
			targetProxy = F42E9CD323E0078000496DE9 /* PBXContainerItemProxy */;
		};
/* End PBXTargetDependency section */

/* Begin PBXVariantGroup section */
		F4F487F822376F90007242F2 /* Main.storyboard */ = {
			isa = PBXVariantGroup;
			children = (
				F4F487F922376F90007242F2 /* Base */,
			);
			name = Main.storyboard;
			sourceTree = "<group>";
		};
		F4F487FD22376F92007242F2 /* LaunchScreen.storyboard */ = {
			isa = PBXVariantGroup;
			children = (
				F4F487FE22376F92007242F2 /* Base */,
			);
			name = LaunchScreen.storyboard;
			sourceTree = "<group>";
		};
/* End PBXVariantGroup section */

/* Begin XCBuildConfiguration section */
		F45DA0D122366F8300288C68 /* Debug */ = {
			isa = XCBuildConfiguration;
			buildSettings = {
				ALWAYS_SEARCH_USER_PATHS = NO;
				CLANG_ANALYZER_NONNULL = YES;
				CLANG_ANALYZER_NUMBER_OBJECT_CONVERSION = YES_AGGRESSIVE;
				CLANG_CXX_LANGUAGE_STANDARD = "gnu++14";
				CLANG_CXX_LIBRARY = "libc++";
				CLANG_ENABLE_MODULES = YES;
				CLANG_ENABLE_OBJC_ARC = YES;
				CLANG_ENABLE_OBJC_WEAK = YES;
				CLANG_WARN_BLOCK_CAPTURE_AUTORELEASING = YES;
				CLANG_WARN_BOOL_CONVERSION = YES;
				CLANG_WARN_COMMA = YES;
				CLANG_WARN_CONSTANT_CONVERSION = YES;
				CLANG_WARN_DEPRECATED_OBJC_IMPLEMENTATIONS = YES;
				CLANG_WARN_DIRECT_OBJC_ISA_USAGE = YES_ERROR;
				CLANG_WARN_DOCUMENTATION_COMMENTS = YES;
				CLANG_WARN_EMPTY_BODY = YES;
				CLANG_WARN_ENUM_CONVERSION = YES;
				CLANG_WARN_INFINITE_RECURSION = YES;
				CLANG_WARN_INT_CONVERSION = YES;
				CLANG_WARN_NON_LITERAL_NULL_CONVERSION = YES;
				CLANG_WARN_OBJC_IMPLICIT_RETAIN_SELF = YES;
				CLANG_WARN_OBJC_LITERAL_CONVERSION = YES;
				CLANG_WARN_OBJC_ROOT_CLASS = YES_ERROR;
				CLANG_WARN_RANGE_LOOP_ANALYSIS = YES;
				CLANG_WARN_STRICT_PROTOTYPES = YES;
				CLANG_WARN_SUSPICIOUS_MOVE = YES;
				CLANG_WARN_UNGUARDED_AVAILABILITY = YES_AGGRESSIVE;
				CLANG_WARN_UNREACHABLE_CODE = YES;
				CLANG_WARN__DUPLICATE_METHOD_MATCH = YES;
				CODE_SIGN_IDENTITY = "iPhone Developer";
				COPY_PHASE_STRIP = NO;
				CURRENT_PROJECT_VERSION = 1;
				DEBUG_INFORMATION_FORMAT = dwarf;
				ENABLE_STRICT_OBJC_MSGSEND = YES;
				ENABLE_TESTABILITY = YES;
				GCC_C_LANGUAGE_STANDARD = gnu11;
				GCC_DYNAMIC_NO_PIC = NO;
				GCC_NO_COMMON_BLOCKS = YES;
				GCC_OPTIMIZATION_LEVEL = 0;
				GCC_PREPROCESSOR_DEFINITIONS = (
					"DEBUG=1",
					"$(inherited)",
				);
				GCC_WARN_64_TO_32_BIT_CONVERSION = YES;
				GCC_WARN_ABOUT_RETURN_TYPE = YES_ERROR;
				GCC_WARN_UNDECLARED_SELECTOR = YES;
				GCC_WARN_UNINITIALIZED_AUTOS = YES_AGGRESSIVE;
				GCC_WARN_UNUSED_FUNCTION = YES;
				GCC_WARN_UNUSED_VARIABLE = YES;
				IPHONEOS_DEPLOYMENT_TARGET = 12.1;
				MTL_ENABLE_DEBUG_INFO = INCLUDE_SOURCE;
				MTL_FAST_MATH = YES;
				ONLY_ACTIVE_ARCH = YES;
				SDKROOT = iphoneos;
				SWIFT_ACTIVE_COMPILATION_CONDITIONS = DEBUG;
				SWIFT_OPTIMIZATION_LEVEL = "-Onone";
				VERSIONING_SYSTEM = "apple-generic";
				VERSION_INFO_PREFIX = "";
			};
			name = Debug;
		};
		F45DA0D222366F8300288C68 /* Release */ = {
			isa = XCBuildConfiguration;
			buildSettings = {
				ALWAYS_SEARCH_USER_PATHS = NO;
				CLANG_ANALYZER_NONNULL = YES;
				CLANG_ANALYZER_NUMBER_OBJECT_CONVERSION = YES_AGGRESSIVE;
				CLANG_CXX_LANGUAGE_STANDARD = "gnu++14";
				CLANG_CXX_LIBRARY = "libc++";
				CLANG_ENABLE_MODULES = YES;
				CLANG_ENABLE_OBJC_ARC = YES;
				CLANG_ENABLE_OBJC_WEAK = YES;
				CLANG_WARN_BLOCK_CAPTURE_AUTORELEASING = YES;
				CLANG_WARN_BOOL_CONVERSION = YES;
				CLANG_WARN_COMMA = YES;
				CLANG_WARN_CONSTANT_CONVERSION = YES;
				CLANG_WARN_DEPRECATED_OBJC_IMPLEMENTATIONS = YES;
				CLANG_WARN_DIRECT_OBJC_ISA_USAGE = YES_ERROR;
				CLANG_WARN_DOCUMENTATION_COMMENTS = YES;
				CLANG_WARN_EMPTY_BODY = YES;
				CLANG_WARN_ENUM_CONVERSION = YES;
				CLANG_WARN_INFINITE_RECURSION = YES;
				CLANG_WARN_INT_CONVERSION = YES;
				CLANG_WARN_NON_LITERAL_NULL_CONVERSION = YES;
				CLANG_WARN_OBJC_IMPLICIT_RETAIN_SELF = YES;
				CLANG_WARN_OBJC_LITERAL_CONVERSION = YES;
				CLANG_WARN_OBJC_ROOT_CLASS = YES_ERROR;
				CLANG_WARN_RANGE_LOOP_ANALYSIS = YES;
				CLANG_WARN_STRICT_PROTOTYPES = YES;
				CLANG_WARN_SUSPICIOUS_MOVE = YES;
				CLANG_WARN_UNGUARDED_AVAILABILITY = YES_AGGRESSIVE;
				CLANG_WARN_UNREACHABLE_CODE = YES;
				CLANG_WARN__DUPLICATE_METHOD_MATCH = YES;
				CODE_SIGN_IDENTITY = "iPhone Developer";
				COPY_PHASE_STRIP = NO;
				CURRENT_PROJECT_VERSION = 1;
				DEBUG_INFORMATION_FORMAT = "dwarf-with-dsym";
				ENABLE_NS_ASSERTIONS = NO;
				ENABLE_STRICT_OBJC_MSGSEND = YES;
				GCC_C_LANGUAGE_STANDARD = gnu11;
				GCC_NO_COMMON_BLOCKS = YES;
				GCC_WARN_64_TO_32_BIT_CONVERSION = YES;
				GCC_WARN_ABOUT_RETURN_TYPE = YES_ERROR;
				GCC_WARN_UNDECLARED_SELECTOR = YES;
				GCC_WARN_UNINITIALIZED_AUTOS = YES_AGGRESSIVE;
				GCC_WARN_UNUSED_FUNCTION = YES;
				GCC_WARN_UNUSED_VARIABLE = YES;
				IPHONEOS_DEPLOYMENT_TARGET = 12.1;
				MTL_ENABLE_DEBUG_INFO = NO;
				MTL_FAST_MATH = YES;
				SDKROOT = iphoneos;
				SWIFT_COMPILATION_MODE = wholemodule;
				SWIFT_OPTIMIZATION_LEVEL = "-O";
				VALIDATE_PRODUCT = YES;
				VERSIONING_SYSTEM = "apple-generic";
				VERSION_INFO_PREFIX = "";
			};
			name = Release;
		};
		F45DA0D422366F8300288C68 /* Debug */ = {
			isa = XCBuildConfiguration;
			baseConfigurationReference = B9FCE952F50B11B3B4BDA8E7 /* Pods-PGFramework.debug.xcconfig */;
			buildSettings = {
				CLANG_ENABLE_MODULES = YES;
				CODE_SIGN_IDENTITY = "";
				CODE_SIGN_STYLE = Automatic;
				DEFINES_MODULE = YES;
				DEVELOPMENT_TEAM = XE4E546GZY;
				DYLIB_COMPATIBILITY_VERSION = 1;
				DYLIB_CURRENT_VERSION = 1;
				DYLIB_INSTALL_NAME_BASE = "@rpath";
				INFOPLIST_FILE = PGFramework/Info.plist;
				INSTALL_PATH = "$(LOCAL_LIBRARY_DIR)/Frameworks";
				IPHONEOS_DEPLOYMENT_TARGET = 10.0;
				LD_RUNPATH_SEARCH_PATHS = (
					"$(inherited)",
					"@executable_path/Frameworks",
					"@loader_path/Frameworks",
				);
				PRODUCT_BUNDLE_IDENTIFIER = style.playground.PGFramework;
				PRODUCT_NAME = "$(TARGET_NAME:c99extidentifier)";
				SKIP_INSTALL = YES;
				SWIFT_OPTIMIZATION_LEVEL = "-Onone";
				SWIFT_VERSION = 4.2;
				TARGETED_DEVICE_FAMILY = "1,2";
			};
			name = Debug;
		};
		F45DA0D522366F8300288C68 /* Release */ = {
			isa = XCBuildConfiguration;
			baseConfigurationReference = 6B24C6F08AE3FB0EE4B0481F /* Pods-PGFramework.release.xcconfig */;
			buildSettings = {
				CLANG_ENABLE_MODULES = YES;
				CODE_SIGN_IDENTITY = "";
				CODE_SIGN_STYLE = Automatic;
				DEFINES_MODULE = YES;
				DEVELOPMENT_TEAM = XE4E546GZY;
				DYLIB_COMPATIBILITY_VERSION = 1;
				DYLIB_CURRENT_VERSION = 1;
				DYLIB_INSTALL_NAME_BASE = "@rpath";
				INFOPLIST_FILE = PGFramework/Info.plist;
				INSTALL_PATH = "$(LOCAL_LIBRARY_DIR)/Frameworks";
				IPHONEOS_DEPLOYMENT_TARGET = 10.0;
				LD_RUNPATH_SEARCH_PATHS = (
					"$(inherited)",
					"@executable_path/Frameworks",
					"@loader_path/Frameworks",
				);
				PRODUCT_BUNDLE_IDENTIFIER = style.playground.PGFramework;
				PRODUCT_NAME = "$(TARGET_NAME:c99extidentifier)";
				SKIP_INSTALL = YES;
				SWIFT_VERSION = 4.2;
				TARGETED_DEVICE_FAMILY = "1,2";
			};
			name = Release;
		};
		F4F4880122376F92007242F2 /* Debug */ = {
			isa = XCBuildConfiguration;
			baseConfigurationReference = 7216212DDD8D6865F71B3F61 /* Pods-Demo.debug.xcconfig */;
			buildSettings = {
				ASSETCATALOG_COMPILER_APPICON_NAME = AppIcon;
				CODE_SIGN_STYLE = Automatic;
				DEVELOPMENT_TEAM = XE4E546GZY;
				INFOPLIST_FILE = Demo/Info.plist;
				LD_RUNPATH_SEARCH_PATHS = (
					"$(inherited)",
					"@executable_path/Frameworks",
				);
				PRODUCT_BUNDLE_IDENTIFIER = jp.co.playground.Demo;
				PRODUCT_NAME = "$(TARGET_NAME)";
				SWIFT_VERSION = 4.2;
				TARGETED_DEVICE_FAMILY = "1,2";
			};
			name = Debug;
		};
		F4F4880222376F92007242F2 /* Release */ = {
			isa = XCBuildConfiguration;
			baseConfigurationReference = 1D45210E37654089CC4A8DE4 /* Pods-Demo.release.xcconfig */;
			buildSettings = {
				ASSETCATALOG_COMPILER_APPICON_NAME = AppIcon;
				CODE_SIGN_STYLE = Automatic;
				DEVELOPMENT_TEAM = XE4E546GZY;
				INFOPLIST_FILE = Demo/Info.plist;
				LD_RUNPATH_SEARCH_PATHS = (
					"$(inherited)",
					"@executable_path/Frameworks",
				);
				PRODUCT_BUNDLE_IDENTIFIER = jp.co.playground.Demo;
				PRODUCT_NAME = "$(TARGET_NAME)";
				SWIFT_VERSION = 4.2;
				TARGETED_DEVICE_FAMILY = "1,2";
			};
			name = Release;
		};
/* End XCBuildConfiguration section */

/* Begin XCConfigurationList section */
		F45DA0C522366F8300288C68 /* Build configuration list for PBXProject "PGFramework" */ = {
			isa = XCConfigurationList;
			buildConfigurations = (
				F45DA0D122366F8300288C68 /* Debug */,
				F45DA0D222366F8300288C68 /* Release */,
			);
			defaultConfigurationIsVisible = 0;
			defaultConfigurationName = Release;
		};
		F45DA0D322366F8300288C68 /* Build configuration list for PBXNativeTarget "PGFramework" */ = {
			isa = XCConfigurationList;
			buildConfigurations = (
				F45DA0D422366F8300288C68 /* Debug */,
				F45DA0D522366F8300288C68 /* Release */,
			);
			defaultConfigurationIsVisible = 0;
			defaultConfigurationName = Release;
		};
		F4F4880322376F92007242F2 /* Build configuration list for PBXNativeTarget "Demo" */ = {
			isa = XCConfigurationList;
			buildConfigurations = (
				F4F4880122376F92007242F2 /* Debug */,
				F4F4880222376F92007242F2 /* Release */,
			);
			defaultConfigurationIsVisible = 0;
			defaultConfigurationName = Release;
		};
/* End XCConfigurationList section */
	};
	rootObject = F45DA0C222366F8300288C68 /* Project object */;
}
